
Microsoft Visual Studio Solution File, Format Version 12.00
# Visual Studio Version 16
VisualStudioVersion = 16.0.31729.503
MinimumVisualStudioVersion = 10.0.40219.1
Project("{8BC9CEB8-8B4A-11D0-8D11-00A0C91BC942}") = "01-Bai01", "01-Bai01\01-Bai01.vcxproj", "{A37A2F8C-26BD-4E6D-BBAD-9876D038BEC1}"
EndProject
Project("{8BC9CEB8-8B4A-11D0-8D11-00A0C91BC942}") = "02-Bai2", "02-Bai2\02-Bai2.vcxproj", "{93536C3D-97D4-4FE4-97F9-9425733F6456}"
EndProject
Project("{8BC9CEB8-8B4A-11D0-8D11-00A0C91BC942}") = "03-Bai3", "03-Bai3\03-Bai3.vcxproj", "{8BDE824B-C134-43AF-992C-374C5DEAE378}"
EndProject
Project("{8BC9CEB8-8B4A-11D0-8D11-00A0C91BC942}") = "04-Bai4", "04-Bai4\04-Bai4.vcxproj", "{05A230C9-A33E-4664-B493-00F129712F84}"
EndProject
Project("{8BC9CEB8-8B4A-11D0-8D11-00A0C91BC942}") = "05-Bai5", "05-Bai5\05-Bai5.vcxproj", "{35200155-2478-4AFE-B284-0C87EE4E8875}"
EndProject
Global
	GlobalSection(SolutionConfigurationPlatforms) = preSolution
		Debug|x64 = Debug|x64
		Debug|x86 = Debug|x86
		Release|x64 = Release|x64
		Release|x86 = Release|x86
	EndGlobalSection
	GlobalSection(ProjectConfigurationPlatforms) = postSolution
		{A37A2F8C-26BD-4E6D-BBAD-9876D038BEC1}.Debug|x64.ActiveCfg = Debug|x64
		{A37A2F8C-26BD-4E6D-BBAD-9876D038BEC1}.Debug|x64.Build.0 = Debug|x64
		{A37A2F8C-26BD-4E6D-BBAD-9876D038BEC1}.Debug|x86.ActiveCfg = Debug|Win32
		{A37A2F8C-26BD-4E6D-BBAD-9876D038BEC1}.Debug|x86.Build.0 = Debug|Win32
		{A37A2F8C-26BD-4E6D-BBAD-9876D038BEC1}.Release|x64.ActiveCfg = Release|x64
		{A37A2F8C-26BD-4E6D-BBAD-9876D038BEC1}.Release|x64.Build.0 = Release|x64
		{A37A2F8C-26BD-4E6D-BBAD-9876D038BEC1}.Release|x86.ActiveCfg = Release|Win32
		{A37A2F8C-26BD-4E6D-BBAD-9876D038BEC1}.Release|x86.Build.0 = Release|Win32
		{93536C3D-97D4-4FE4-97F9-9425733F6456}.Debug|x64.ActiveCfg = Debug|x64
		{93536C3D-97D4-4FE4-97F9-9425733F6456}.Debug|x64.Build.0 = Debug|x64
		{93536C3D-97D4-4FE4-97F9-9425733F6456}.Debug|x86.ActiveCfg = Debug|Win32
		{93536C3D-97D4-4FE4-97F9-9425733F6456}.Debug|x86.Build.0 = Debug|Win32
		{93536C3D-97D4-4FE4-97F9-9425733F6456}.Release|x64.ActiveCfg = Release|x64
		{93536C3D-97D4-4FE4-97F9-9425733F6456}.Release|x64.Build.0 = Release|x64
		{93536C3D-97D4-4FE4-97F9-9425733F6456}.Release|x86.ActiveCfg = Release|Win32
		{93536C3D-97D4-4FE4-97F9-9425733F6456}.Release|x86.Build.0 = Release|Win32
		{8BDE824B-C134-43AF-992C-374C5DEAE378}.Debug|x64.ActiveCfg = Debug|x64
		{8BDE824B-C134-43AF-992C-374C5DEAE378}.Debug|x64.Build.0 = Debug|x64
		{8BDE824B-C134-43AF-992C-374C5DEAE378}.Debug|x86.ActiveCfg = Debug|Win32
		{8BDE824B-C134-43AF-992C-374C5DEAE378}.Debug|x86.Build.0 = Debug|Win32
		{8BDE824B-C134-43AF-992C-374C5DEAE378}.Release|x64.ActiveCfg = Release|x64
		{8BDE824B-C134-43AF-992C-374C5DEAE378}.Release|x64.Build.0 = Release|x64
		{8BDE824B-C134-43AF-992C-374C5DEAE378}.Release|x86.ActiveCfg = Release|Win32
		{8BDE824B-C134-43AF-992C-374C5DEAE378}.Release|x86.Build.0 = Release|Win32
		{05A230C9-A33E-4664-B493-00F129712F84}.Debug|x64.ActiveCfg = Debug|x64
		{05A230C9-A33E-4664-B493-00F129712F84}.Debug|x64.Build.0 = Debug|x64
		{05A230C9-A33E-4664-B493-00F129712F84}.Debug|x86.ActiveCfg = Debug|Win32
		{05A230C9-A33E-4664-B493-00F129712F84}.Debug|x86.Build.0 = Debug|Win32
		{05A230C9-A33E-4664-B493-00F129712F84}.Release|x64.ActiveCfg = Release|x64
		{05A230C9-A33E-4664-B493-00F129712F84}.Release|x64.Build.0 = Release|x64
		{05A230C9-A33E-4664-B493-00F129712F84}.Release|x86.ActiveCfg = Release|Win32
		{05A230C9-A33E-4664-B493-00F129712F84}.Release|x86.Build.0 = Release|Win32
		{35200155-2478-4AFE-B284-0C87EE4E8875}.Debug|x64.ActiveCfg = Debug|x64
		{35200155-2478-4AFE-B284-0C87EE4E8875}.Debug|x64.Build.0 = Debug|x64
		{35200155-2478-4AFE-B284-0C87EE4E8875}.Debug|x86.ActiveCfg = Debug|Win32
		{35200155-2478-4AFE-B284-0C87EE4E8875}.Debug|x86.Build.0 = Debug|Win32
		{35200155-2478-4AFE-B284-0C87EE4E8875}.Release|x64.ActiveCfg = Release|x64
		{35200155-2478-4AFE-B284-0C87EE4E8875}.Release|x64.Build.0 = Release|x64
		{35200155-2478-4AFE-B284-0C87EE4E8875}.Release|x86.ActiveCfg = Release|Win32
		{35200155-2478-4AFE-B284-0C87EE4E8875}.Release|x86.Build.0 = Release|Win32
	EndGlobalSection
	GlobalSection(SolutionProperties) = preSolution
		HideSolutionNode = FALSE
	EndGlobalSection
	GlobalSection(ExtensibilityGlobals) = postSolution
		SolutionGuid = {0A43BD92-5876-4A77-8CD2-EDFD7896E092}
	EndGlobalSection
EndGlobal
